
Microsoft Visual Studio Solution File, Format Version 12.00
# Visual Studio 15
VisualStudioVersion = 15.0.27004.2002
MinimumVisualStudioVersion = 10.0.40219.1
Project("{FAE04EC0-301F-11D3-BF4B-00C04F79EFBC}") = "hosh genetic", "hosh genetic\hosh genetic.csproj", "{5CC35019-C5CE-434D-ACD6-CAA6508A0ED1}"
EndProject
Global
	GlobalSection(SolutionConfigurationPlatforms) = preSolution
		Debug|Any CPU = Debug|Any CPU
		Release|Any CPU = Release|Any CPU
	EndGlobalSection
	GlobalSection(ProjectConfigurationPlatforms) = postSolution
		{5CC35019-C5CE-434D-ACD6-CAA6508A0ED1}.Debug|Any CPU.ActiveCfg = Debug|Any CPU
		{5CC35019-C5CE-434D-ACD6-CAA6508A0ED1}.Debug|Any CPU.Build.0 = Debug|Any CPU
		{5CC35019-C5CE-434D-ACD6-CAA6508A0ED1}.Release|Any CPU.ActiveCfg = Release|Any CPU
		{5CC35019-C5CE-434D-ACD6-CAA6508A0ED1}.Release|Any CPU.Build.0 = Release|Any CPU
	EndGlobalSection
	GlobalSection(SolutionProperties) = preSolution
		HideSolutionNode = FALSE
	EndGlobalSection
	GlobalSection(ExtensibilityGlobals) = postSolution
		SolutionGuid = {A19A90CF-3E13-4402-8172-A546848A83CC}
	EndGlobalSection
EndGlobal
